
Microsoft Visual Studio Solution File, Format Version 12.00
# Visual Studio Version 16
VisualStudioVersion = 16.0.28803.202
MinimumVisualStudioVersion = 10.0.40219.1
Project("{FAE04EC0-301F-11D3-BF4B-00C04F79EFBC}") = "ExercicioHeranca", "ExercicioHeranca\ExercicioHeranca.csproj", "{EE0F8DFC-F887-4A0F-9357-262AAFD4496C}"
EndProject
Global
	GlobalSection(SolutionConfigurationPlatforms) = preSolution
		Debug|Any CPU = Debug|Any CPU
		Release|Any CPU = Release|Any CPU
	EndGlobalSection
	GlobalSection(ProjectConfigurationPlatforms) = postSolution
		{EE0F8DFC-F887-4A0F-9357-262AAFD4496C}.Debug|Any CPU.ActiveCfg = Debug|Any CPU
		{EE0F8DFC-F887-4A0F-9357-262AAFD4496C}.Debug|Any CPU.Build.0 = Debug|Any CPU
		{EE0F8DFC-F887-4A0F-9357-262AAFD4496C}.Release|Any CPU.ActiveCfg = Release|Any CPU
		{EE0F8DFC-F887-4A0F-9357-262AAFD4496C}.Release|Any CPU.Build.0 = Release|Any CPU
	EndGlobalSection
	GlobalSection(SolutionProperties) = preSolution
		HideSolutionNode = FALSE
	EndGlobalSection
	GlobalSection(ExtensibilityGlobals) = postSolution
		SolutionGuid = {7CD2FBC4-C170-4758-BFFD-B124390FEDC0}
	EndGlobalSection
EndGlobal
